// !$*UTF8*$!
{
	archiveVersion = 1;
	classes = {
	};
	objectVersion = 55;
	objects = {

/* Begin PBXBuildFile section */
		DBB0939B28AA6E4D00805249 /* YTFilterApp.swift in Sources */ = {isa = PBXBuildFile; fileRef = DBB0939A28AA6E4D00805249 /* YTFilterApp.swift */; };
		DBB0939D28AA6E4D00805249 /* ContentView.swift in Sources */ = {isa = PBXBuildFile; fileRef = DBB0939C28AA6E4D00805249 /* ContentView.swift */; };
		DBB0939F28AA6E5000805249 /* Assets.xcassets in Resources */ = {isa = PBXBuildFile; fileRef = DBB0939E28AA6E5000805249 /* Assets.xcassets */; };
		DBB093A228AA6E5000805249 /* Preview Assets.xcassets in Resources */ = {isa = PBXBuildFile; fileRef = DBB093A128AA6E5000805249 /* Preview Assets.xcassets */; };
		DBB093A928AA71D400805249 /* ImageItem.swift in Sources */ = {isa = PBXBuildFile; fileRef = DBB093A828AA71D400805249 /* ImageItem.swift */; };
		DBB093AD28AA791200805249 /* ImageListItem.swift in Sources */ = {isa = PBXBuildFile; fileRef = DBB093AC28AA791200805249 /* ImageListItem.swift */; };
		DBCCFE6128AA9BFC008A55F1 /* ImageDetailView.swift in Sources */ = {isa = PBXBuildFile; fileRef = DBCCFE6028AA9BFB008A55F1 /* ImageDetailView.swift */; };
		DBCCFE6328AAA129008A55F1 /* FilterButtonView.swift in Sources */ = {isa = PBXBuildFile; fileRef = DBCCFE6228AAA129008A55F1 /* FilterButtonView.swift */; };
/* End PBXBuildFile section */

/* Begin PBXFileReference section */
		DBB0939728AA6E4D00805249 /* YTFilter.app */ = {isa = PBXFileReference; explicitFileType = wrapper.application; includeInIndex = 0; path = YTFilter.app; sourceTree = BUILT_PRODUCTS_DIR; };
		DBB0939A28AA6E4D00805249 /* YTFilterApp.swift */ = {isa = PBXFileReference; lastKnownFileType = sourcecode.swift; path = YTFilterApp.swift; sourceTree = "<group>"; };
		DBB0939C28AA6E4D00805249 /* ContentView.swift */ = {isa = PBXFileReference; lastKnownFileType = sourcecode.swift; path = ContentView.swift; sourceTree = "<group>"; };
		DBB0939E28AA6E5000805249 /* Assets.xcassets */ = {isa = PBXFileReference; lastKnownFileType = folder.assetcatalog; path = Assets.xcassets; sourceTree = "<group>"; };
		DBB093A128AA6E5000805249 /* Preview Assets.xcassets */ = {isa = PBXFileReference; lastKnownFileType = folder.assetcatalog; path = "Preview Assets.xcassets"; sourceTree = "<group>"; };
		DBB093A828AA71D400805249 /* ImageItem.swift */ = {isa = PBXFileReference; lastKnownFileType = sourcecode.swift; path = ImageItem.swift; sourceTree = "<group>"; };
		DBB093AC28AA791200805249 /* ImageListItem.swift */ = {isa = PBXFileReference; lastKnownFileType = sourcecode.swift; path = ImageListItem.swift; sourceTree = "<group>"; };
		DBCCFE6028AA9BFB008A55F1 /* ImageDetailView.swift */ = {isa = PBXFileReference; lastKnownFileType = sourcecode.swift; path = ImageDetailView.swift; sourceTree = "<group>"; };
		DBCCFE6228AAA129008A55F1 /* FilterButtonView.swift */ = {isa = PBXFileReference; lastKnownFileType = sourcecode.swift; path = FilterButtonView.swift; sourceTree = "<group>"; };
/* End PBXFileReference section */

/* Begin PBXFrameworksBuildPhase section */
		DBB0939428AA6E4D00805249 /* Frameworks */ = {
			isa = PBXFrameworksBuildPhase;
			buildActionMask = 2147483647;
			files = (
			);
			runOnlyForDeploymentPostprocessing = 0;
		};
/* End PBXFrameworksBuildPhase section */

/* Begin PBXGroup section */
		DB1BA6DD28AD26BD003BAE3B /* Views */ = {
			isa = PBXGroup;
			children = (
				DBB093AC28AA791200805249 /* ImageListItem.swift */,
				DBCCFE6228AAA129008A55F1 /* FilterButtonView.swift */,
			);
			path = Views;
			sourceTree = "<group>";
		};
		DB1BA6DE28AD26DA003BAE3B /* Model */ = {
			isa = PBXGroup;
			children = (
				DBB093A828AA71D400805249 /* ImageItem.swift */,
			);
			path = Model;
			sourceTree = "<group>";
		};
		DB1BA6DF28AD26F3003BAE3B /* Screens */ = {
			isa = PBXGroup;
			children = (
				DBB0939C28AA6E4D00805249 /* ContentView.swift */,
				DBCCFE6028AA9BFB008A55F1 /* ImageDetailView.swift */,
			);
			path = Screens;
			sourceTree = "<group>";
		};
		DBB0938E28AA6E4D00805249 = {
			isa = PBXGroup;
			children = (
				DBB0939928AA6E4D00805249 /* YTFilter */,
				DBB0939828AA6E4D00805249 /* Products */,
			);
			sourceTree = "<group>";
		};
		DBB0939828AA6E4D00805249 /* Products */ = {
			isa = PBXGroup;
			children = (
				DBB0939728AA6E4D00805249 /* YTFilter.app */,
			);
			name = Products;
			sourceTree = "<group>";
		};
		DBB0939928AA6E4D00805249 /* YTFilter */ = {
			isa = PBXGroup;
			children = (
				DBB0939A28AA6E4D00805249 /* YTFilterApp.swift */,
				DB1BA6DE28AD26DA003BAE3B /* Model */,
				DB1BA6DD28AD26BD003BAE3B /* Views */,
				DB1BA6DF28AD26F3003BAE3B /* Screens */,
				DBB0939E28AA6E5000805249 /* Assets.xcassets */,
				DBB093A028AA6E5000805249 /* Preview Content */,
			);
			path = YTFilter;
			sourceTree = "<group>";
		};
		DBB093A028AA6E5000805249 /* Preview Content */ = {
			isa = PBXGroup;
			children = (
				DBB093A128AA6E5000805249 /* Preview Assets.xcassets */,
			);
			path = "Preview Content";
			sourceTree = "<group>";
		};
/* End PBXGroup section */

/* Begin PBXNativeTarget section */
		DBB0939628AA6E4D00805249 /* YTFilter */ = {
			isa = PBXNativeTarget;
			buildConfigurationList = DBB093A528AA6E5000805249 /* Build configuration list for PBXNativeTarget "YTFilter" */;
			buildPhases = (
				DBB0939328AA6E4D00805249 /* Sources */,
				DBB0939428AA6E4D00805249 /* Frameworks */,
				DBB0939528AA6E4D00805249 /* Resources */,
			);
			buildRules = (
			);
			dependencies = (
			);
			name = YTFilter;
			productName = YTFilter;
			productReference = DBB0939728AA6E4D00805249 /* YTFilter.app */;
			productType = "com.apple.product-type.application";
		};
/* End PBXNativeTarget section */

/* Begin PBXProject section */
		DBB0938F28AA6E4D00805249 /* Project object */ = {
			isa = PBXProject;
			attributes = {
				BuildIndependentTargetsInParallel = 1;
				LastSwiftUpdateCheck = 1340;
				LastUpgradeCheck = 1340;
				TargetAttributes = {
					DBB0939628AA6E4D00805249 = {
						CreatedOnToolsVersion = 13.4;
					};
				};
			};
			buildConfigurationList = DBB0939228AA6E4D00805249 /* Build configuration list for PBXProject "YTFilter" */;
			compatibilityVersion = "Xcode 13.0";
			developmentRegion = en;
			hasScannedForEncodings = 0;
			knownRegions = (
				en,
				Base,
			);
			mainGroup = DBB0938E28AA6E4D00805249;
			productRefGroup = DBB0939828AA6E4D00805249 /* Products */;
			projectDirPath = "";
			projectRoot = "";
			targets = (
				DBB0939628AA6E4D00805249 /* YTFilter */,
			);
		};
/* End PBXProject section */

/* Begin PBXResourcesBuildPhase section */
		DBB0939528AA6E4D00805249 /* Resources */ = {
			isa = PBXResourcesBuildPhase;
			buildActionMask = 2147483647;
			files = (
				DBB093A228AA6E5000805249 /* Preview Assets.xcassets in Resources */,
				DBB0939F28AA6E5000805249 /* Assets.xcassets in Resources */,
			);
			runOnlyForDeploymentPostprocessing = 0;
		};
/* End PBXResourcesBuildPhase section */

/* Begin PBXSourcesBuildPhase section */
		DBB0939328AA6E4D00805249 /* Sources */ = {
			isa = PBXSourcesBuildPhase;
			buildActionMask = 2147483647;
			files = (
				DBCCFE6328AAA129008A55F1 /* FilterButtonView.swift in Sources */,
				DBB093AD28AA791200805249 /* ImageListItem.swift in Sources */,
				DBB093A928AA71D400805249 /* ImageItem.swift in Sources */,
				DBB0939D28AA6E4D00805249 /* ContentView.swift in Sources */,
				DBB0939B28AA6E4D00805249 /* YTFilterApp.swift in Sources */,
				DBCCFE6128AA9BFC008A55F1 /* ImageDetailView.swift in Sources */,
			);
			runOnlyForDeploymentPostprocessing = 0;
		};
/* End PBXSourcesBuildPhase section */

/* Begin XCBuildConfiguration section */
		DBB093A328AA6E5000805249 /* Debug */ = {
			isa = XCBuildConfiguration;
			buildSettings = {
				ALWAYS_SEARCH_USER_PATHS = NO;
				CLANG_ANALYZER_NONNULL = YES;
				CLANG_ANALYZER_NUMBER_OBJECT_CONVERSION = YES_AGGRESSIVE;
				CLANG_CXX_LANGUAGE_STANDARD = "gnu++17";
				CLANG_ENABLE_MODULES = YES;
				CLANG_ENABLE_OBJC_ARC = YES;
				CLANG_ENABLE_OBJC_WEAK = YES;
				CLANG_WARN_BLOCK_CAPTURE_AUTORELEASING = YES;
				CLANG_WARN_BOOL_CONVERSION = YES;
				CLANG_WARN_COMMA = YES;
				CLANG_WARN_CONSTANT_CONVERSION = YES;
				CLANG_WARN_DEPRECATED_OBJC_IMPLEMENTATIONS = YES;
				CLANG_WARN_DIRECT_OBJC_ISA_USAGE = YES_ERROR;
				CLANG_WARN_DOCUMENTATION_COMMENTS = YES;
				CLANG_WARN_EMPTY_BODY = YES;
				CLANG_WARN_ENUM_CONVERSION = YES;
				CLANG_WARN_INFINITE_RECURSION = YES;
				CLANG_WARN_INT_CONVERSION = YES;
				CLANG_WARN_NON_LITERAL_NULL_CONVERSION = YES;
				CLANG_WARN_OBJC_IMPLICIT_RETAIN_SELF = YES;
				CLANG_WARN_OBJC_LITERAL_CONVERSION = YES;
				CLANG_WARN_OBJC_ROOT_CLASS = YES_ERROR;
				CLANG_WARN_QUOTED_INCLUDE_IN_FRAMEWORK_HEADER = YES;
				CLANG_WARN_RANGE_LOOP_ANALYSIS = YES;
				CLANG_WARN_STRICT_PROTOTYPES = YES;
				CLANG_WARN_SUSPICIOUS_MOVE = YES;
				CLANG_WARN_UNGUARDED_AVAILABILITY = YES_AGGRESSIVE;
				CLANG_WARN_UNREACHABLE_CODE = YES;
				CLANG_WARN__DUPLICATE_METHOD_MATCH = YES;
				COPY_PHASE_STRIP = NO;
				DEBUG_INFORMATION_FORMAT = dwarf;
				ENABLE_STRICT_OBJC_MSGSEND = YES;
				ENABLE_TESTABILITY = YES;
				GCC_C_LANGUAGE_STANDARD = gnu11;
				GCC_DYNAMIC_NO_PIC = NO;
				GCC_NO_COMMON_BLOCKS = YES;
				GCC_OPTIMIZATION_LEVEL = 0;
				GCC_PREPROCESSOR_DEFINITIONS = (
					"DEBUG=1",
					"$(inherited)",
				);
				GCC_WARN_64_TO_32_BIT_CONVERSION = YES;
				GCC_WARN_ABOUT_RETURN_TYPE = YES_ERROR;
				GCC_WARN_UNDECLARED_SELECTOR = YES;
				GCC_WARN_UNINITIALIZED_AUTOS = YES_AGGRESSIVE;
				GCC_WARN_UNUSED_FUNCTION = YES;
				GCC_WARN_UNUSED_VARIABLE = YES;
				IPHONEOS_DEPLOYMENT_TARGET = 15.5;
				MTL_ENABLE_DEBUG_INFO = INCLUDE_SOURCE;
				MTL_FAST_MATH = YES;
				ONLY_ACTIVE_ARCH = YES;
				SDKROOT = iphoneos;
				SWIFT_ACTIVE_COMPILATION_CONDITIONS = DEBUG;
				SWIFT_OPTIMIZATION_LEVEL = "-Onone";
			};
			name = Debug;
		};
		DBB093A428AA6E5000805249 /* Release */ = {
			isa = XCBuildConfiguration;
			buildSettings = {
				ALWAYS_SEARCH_USER_PATHS = NO;
				CLANG_ANALYZER_NONNULL = YES;
				CLANG_ANALYZER_NUMBER_OBJECT_CONVERSION = YES_AGGRESSIVE;
				CLANG_CXX_LANGUAGE_STANDARD = "gnu++17";
				CLANG_ENABLE_MODULES = YES;
				CLANG_ENABLE_OBJC_ARC = YES;
				CLANG_ENABLE_OBJC_WEAK = YES;
				CLANG_WARN_BLOCK_CAPTURE_AUTORELEASING = YES;
				CLANG_WARN_BOOL_CONVERSION = YES;
				CLANG_WARN_COMMA = YES;
				CLANG_WARN_CONSTANT_CONVERSION = YES;
				CLANG_WARN_DEPRECATED_OBJC_IMPLEMENTATIONS = YES;
				CLANG_WARN_DIRECT_OBJC_ISA_USAGE = YES_ERROR;
				CLANG_WARN_DOCUMENTATION_COMMENTS = YES;
				CLANG_WARN_EMPTY_BODY = YES;
				CLANG_WARN_ENUM_CONVERSION = YES;
				CLANG_WARN_INFINITE_RECURSION = YES;
				CLANG_WARN_INT_CONVERSION = YES;
				CLANG_WARN_NON_LITERAL_NULL_CONVERSION = YES;
				CLANG_WARN_OBJC_IMPLICIT_RETAIN_SELF = YES;
				CLANG_WARN_OBJC_LITERAL_CONVERSION = YES;
				CLANG_WARN_OBJC_ROOT_CLASS = YES_ERROR;
				CLANG_WARN_QUOTED_INCLUDE_IN_FRAMEWORK_HEADER = YES;
				CLANG_WARN_RANGE_LOOP_ANALYSIS = YES;
				CLANG_WARN_STRICT_PROTOTYPES = YES;
				CLANG_WARN_SUSPICIOUS_MOVE = YES;
				CLANG_WARN_UNGUARDED_AVAILABILITY = YES_AGGRESSIVE;
				CLANG_WARN_UNREACHABLE_CODE = YES;
				CLANG_WARN__DUPLICATE_METHOD_MATCH = YES;
				COPY_PHASE_STRIP = NO;
				DEBUG_INFORMATION_FORMAT = "dwarf-with-dsym";
				ENABLE_NS_ASSERTIONS = NO;
				ENABLE_STRICT_OBJC_MSGSEND = YES;
				GCC_C_LANGUAGE_STANDARD = gnu11;
				GCC_NO_COMMON_BLOCKS = YES;
				GCC_WARN_64_TO_32_BIT_CONVERSION = YES;
				GCC_WARN_ABOUT_RETURN_TYPE = YES_ERROR;
				GCC_WARN_UNDECLARED_SELECTOR = YES;
				GCC_WARN_UNINITIALIZED_AUTOS = YES_AGGRESSIVE;
				GCC_WARN_UNUSED_FUNCTION = YES;
				GCC_WARN_UNUSED_VARIABLE = YES;
				IPHONEOS_DEPLOYMENT_TARGET = 15.5;
				MTL_ENABLE_DEBUG_INFO = NO;
				MTL_FAST_MATH = YES;
				SDKROOT = iphoneos;
				SWIFT_COMPILATION_MODE = wholemodule;
				SWIFT_OPTIMIZATION_LEVEL = "-O";
				VALIDATE_PRODUCT = YES;
			};
			name = Release;
		};
		DBB093A628AA6E5000805249 /* Debug */ = {
			isa = XCBuildConfiguration;
			buildSettings = {
				ASSETCATALOG_COMPILER_APPICON_NAME = AppIcon;
				ASSETCATALOG_COMPILER_GLOBAL_ACCENT_COLOR_NAME = AccentColor;
				CODE_SIGN_STYLE = Automatic;
				CURRENT_PROJECT_VERSION = 1;
				DEVELOPMENT_ASSET_PATHS = "\"YTFilter/Preview Content\"";
				DEVELOPMENT_TEAM = KHDB3W3N3A;
				ENABLE_PREVIEWS = YES;
				GENERATE_INFOPLIST_FILE = YES;
				INFOPLIST_KEY_UIApplicationSceneManifest_Generation = YES;
				INFOPLIST_KEY_UIApplicationSupportsIndirectInputEvents = YES;
				INFOPLIST_KEY_UILaunchScreen_Generation = YES;
				INFOPLIST_KEY_UISupportedInterfaceOrientations_iPad = "UIInterfaceOrientationPortrait UIInterfaceOrientationPortraitUpsideDown UIInterfaceOrientationLandscapeLeft UIInterfaceOrientationLandscapeRight";
				INFOPLIST_KEY_UISupportedInterfaceOrientations_iPhone = "UIInterfaceOrientationPortrait UIInterfaceOrientationLandscapeLeft UIInterfaceOrientationLandscapeRight";
				LD_RUNPATH_SEARCH_PATHS = (
					"$(inherited)",
					"@executable_path/Frameworks",
				);
				MARKETING_VERSION = 1.0;
				PRODUCT_BUNDLE_IDENTIFIER = com.viktorcoding.YTFilter;
				PRODUCT_NAME = "$(TARGET_NAME)";
				SWIFT_EMIT_LOC_STRINGS = YES;
				SWIFT_VERSION = 5.0;
				TARGETED_DEVICE_FAMILY = "1,2";
			};
			name = Debug;
		};
		DBB093A728AA6E5000805249 /* Release */ = {
			isa = XCBuildConfiguration;
			buildSettings = {
				ASSETCATALOG_COMPILER_APPICON_NAME = AppIcon;
				ASSETCATALOG_COMPILER_GLOBAL_ACCENT_COLOR_NAME = AccentColor;
				CODE_SIGN_STYLE = Automatic;
				CURRENT_PROJECT_VERSION = 1;
				DEVELOPMENT_ASSET_PATHS = "\"YTFilter/Preview Content\"";
				DEVELOPMENT_TEAM = KHDB3W3N3A;
				ENABLE_PREVIEWS = YES;
				GENERATE_INFOPLIST_FILE = YES;
				INFOPLIST_KEY_UIApplicationSceneManifest_Generation = YES;
				INFOPLIST_KEY_UIApplicationSupportsIndirectInputEvents = YES;
				INFOPLIST_KEY_UILaunchScreen_Generation = YES;
				INFOPLIST_KEY_UISupportedInterfaceOrientations_iPad = "UIInterfaceOrientationPortrait UIInterfaceOrientationPortraitUpsideDown UIInterfaceOrientationLandscapeLeft UIInterfaceOrientationLandscapeRight";
				INFOPLIST_KEY_UISupportedInterfaceOrientations_iPhone = "UIInterfaceOrientationPortrait UIInterfaceOrientationLandscapeLeft UIInterfaceOrientationLandscapeRight";
				LD_RUNPATH_SEARCH_PATHS = (
					"$(inherited)",
					"@executable_path/Frameworks",
				);
				MARKETING_VERSION = 1.0;
				PRODUCT_BUNDLE_IDENTIFIER = com.viktorcoding.YTFilter;
				PRODUCT_NAME = "$(TARGET_NAME)";
				SWIFT_EMIT_LOC_STRINGS = YES;
				SWIFT_VERSION = 5.0;
				TARGETED_DEVICE_FAMILY = "1,2";
			};
			name = Release;
		};
/* End XCBuildConfiguration section */

/* Begin XCConfigurationList section */
		DBB0939228AA6E4D00805249 /* Build configuration list for PBXProject "YTFilter" */ = {
			isa = XCConfigurationList;
			buildConfigurations = (
				DBB093A328AA6E5000805249 /* Debug */,
				DBB093A428AA6E5000805249 /* Release */,
			);
			defaultConfigurationIsVisible = 0;
			defaultConfigurationName = Release;
		};
		DBB093A528AA6E5000805249 /* Build configuration list for PBXNativeTarget "YTFilter" */ = {
			isa = XCConfigurationList;
			buildConfigurations = (
				DBB093A628AA6E5000805249 /* Debug */,
				DBB093A728AA6E5000805249 /* Release */,
			);
			defaultConfigurationIsVisible = 0;
			defaultConfigurationName = Release;
		};
/* End XCConfigurationList section */
	};
	rootObject = DBB0938F28AA6E4D00805249 /* Project object */;
}
